
Microsoft Visual Studio Solution File, Format Version 12.00
# Visual Studio Version 17
VisualStudioVersion = 17.13.35806.99
MinimumVisualStudioVersion = 10.0.40219.1
Project("{FAE04EC0-301F-11D3-BF4B-00C04F79EFBC}") = "Task4_1", "Task4_1\Task4_1.csproj", "{52A8A920-C7A2-4C57-F6B8-FEE1693B86BA}"
EndProject
Project("{FAE04EC0-301F-11D3-BF4B-00C04F79EFBC}") = "Task4_2", "Task4_2\Task4_2.csproj", "{5F4AA823-CF4A-BE3F-7A14-395D0391C466}"
EndProject
Project("{FAE04EC0-301F-11D3-BF4B-00C04F79EFBC}") = "Task4_3", "Task4_3\Task4_3.csproj", "{80BAC3B5-6CE2-8CEA-28A4-3891BEF006CE}"
EndProject
Project("{FAE04EC0-301F-11D3-BF4B-00C04F79EFBC}") = "Task4_4", "Task4_4\Task4_4.csproj", "{4793434F-0363-68D1-0B43-788857F7ED5F}"
EndProject
Project("{FAE04EC0-301F-11D3-BF4B-00C04F79EFBC}") = "Task4_5", "Task4_5\Task4_5.csproj", "{0F7ABB41-7C33-6641-F437-CA6431E9D0A6}"
EndProject
Project("{FAE04EC0-301F-11D3-BF4B-00C04F79EFBC}") = "Task4_6", "Task4_6\Task4_6.csproj", "{F81DA312-DF80-3C36-E7FF-40C727881867}"
EndProject
Project("{FAE04EC0-301F-11D3-BF4B-00C04F79EFBC}") = "Task4_6_2", "Task4_6_2\Task4_6_2.csproj", "{7E08A183-52B3-A467-1ABC-A2899937F952}"
EndProject
Project("{FAE04EC0-301F-11D3-BF4B-00C04F79EFBC}") = "Task4_7", "Task4_7\Task4_7.csproj", "{28E24439-E83F-F5BB-09FA-4A91659807DE}"
EndProject
Project("{FAE04EC0-301F-11D3-BF4B-00C04F79EFBC}") = "Task5_1", "Task5_1\Task5_1.csproj", "{FDD9A389-FA10-4CD3-9B06-24D00EFBEDED}"
EndProject
Project("{FAE04EC0-301F-11D3-BF4B-00C04F79EFBC}") = "Task5_2", "Task5_2\Task5_2.csproj", "{BDE6F5BF-8B70-45F6-9C60-D2DB95E03386}"
EndProject
Project("{FAE04EC0-301F-11D3-BF4B-00C04F79EFBC}") = "Task5_3", "Task5_3\Task5_3.csproj", "{F8826AF9-B2F7-4353-B379-A6CB3C432F07}"
EndProject
Project("{FAE04EC0-301F-11D3-BF4B-00C04F79EFBC}") = "Task5_4", "Task5_4\Task5_4.csproj", "{496593D4-7F71-45EF-995D-2B6CB71AC3EA}"
EndProject
Project("{FAE04EC0-301F-11D3-BF4B-00C04F79EFBC}") = "Task5_5", "Task5_5\Task5_5.csproj", "{0C7D52B2-0713-4C44-8AC4-88ED54347C4E}"
EndProject
Project("{FAE04EC0-301F-11D3-BF4B-00C04F79EFBC}") = "Task5_6", "Task5_6\Task5_6.csproj", "{02F31E63-D130-48B8-AC53-B2797D0D6484}"
EndProject
Project("{FAE04EC0-301F-11D3-BF4B-00C04F79EFBC}") = "Task5_7", "Task5_7\Task5_7.csproj", "{DD731FE9-C5FB-41EA-981A-4AD3B983F88B}"
EndProject
Project("{FAE04EC0-301F-11D3-BF4B-00C04F79EFBC}") = "Task6_1", "Task6_1\Task6_1.csproj", "{D851973C-E2D2-4241-A81A-6FE1199E5D4B}"
EndProject
Project("{FAE04EC0-301F-11D3-BF4B-00C04F79EFBC}") = "Task6_2", "Task6_2\Task6_2.csproj", "{700AF7FA-0882-43CB-90B6-FE1648B86748}"
EndProject
Project("{FAE04EC0-301F-11D3-BF4B-00C04F79EFBC}") = "Task6_3", "Task6_3\Task6_3.csproj", "{A058758C-32C6-45B1-B288-2EC8C8057D32}"
EndProject
Project("{FAE04EC0-301F-11D3-BF4B-00C04F79EFBC}") = "Task6_4", "Task6_4\Task6_4.csproj", "{EE43CFEF-E1F7-4809-9E18-64F8157F1B73}"
EndProject
Project("{FAE04EC0-301F-11D3-BF4B-00C04F79EFBC}") = "Task6_5", "Task6_5\Task6_5.csproj", "{3E687B20-398D-47B0-A809-DD5A7F44C984}"
EndProject
Project("{FAE04EC0-301F-11D3-BF4B-00C04F79EFBC}") = "Task7_1", "Task7_1\Task7_1.csproj", "{73F2C461-564F-4A8E-8161-5BB36B708485}"
EndProject
Project("{FAE04EC0-301F-11D3-BF4B-00C04F79EFBC}") = "Task7_2", "Task7_2\Task7_2.csproj", "{70CC2F75-2B88-485F-B9AB-E14A057F91B8}"
EndProject
Project("{FAE04EC0-301F-11D3-BF4B-00C04F79EFBC}") = "Task7_3", "Task7_3\Task7_3.csproj", "{7CDB4D01-0843-4035-A530-DA772074894A}"
EndProject
Project("{FAE04EC0-301F-11D3-BF4B-00C04F79EFBC}") = "Task7_5", "Task7_5\Task7_5.csproj", "{F383DE6B-4C8B-42D7-97C9-54A476E0D377}"
EndProject
Project("{FAE04EC0-301F-11D3-BF4B-00C04F79EFBC}") = "Task7_4", "Task7_4\Task7_4.csproj", "{F3775C0D-A77E-4C52-B959-C3A8F8D1A9E2}"
EndProject
Project("{FAE04EC0-301F-11D3-BF4B-00C04F79EFBC}") = "Task8_1", "Task8_1\Task8_1.csproj", "{B7C3759C-EF25-4127-8D88-6F4F715B1956}"
EndProject
Project("{FAE04EC0-301F-11D3-BF4B-00C04F79EFBC}") = "Task8_2", "Task8_2\Task8_2.csproj", "{3AEEBC5E-A6BC-4CCA-A431-26BBFE1CCAE5}"
EndProject
Project("{FAE04EC0-301F-11D3-BF4B-00C04F79EFBC}") = "Task9_1", "Task9_1\Task9_1.csproj", "{59883EE6-4CC2-4374-916E-0A58579BCF58}"
EndProject
Project("{FAE04EC0-301F-11D3-BF4B-00C04F79EFBC}") = "Task9_2", "Task9_2\Task9_2.csproj", "{B015C742-4F9F-4322-BAFE-92EFBC281A40}"
EndProject
Project("{FAE04EC0-301F-11D3-BF4B-00C04F79EFBC}") = "Tsk10_1", "Tsk10_1\Tsk10_1.csproj", "{7481AE6D-DDD1-4522-A2BE-26B340822392}"
EndProject
Project("{FAE04EC0-301F-11D3-BF4B-00C04F79EFBC}") = "Task11_1", "Task11_1\Task11_1.csproj", "{8ABDEB31-3B77-4A28-9D1E-0DB2E203B92B}"
EndProject
Project("{FAE04EC0-301F-11D3-BF4B-00C04F79EFBC}") = "Task11_2", "Task11_2\Task11_2.csproj", "{CF54F9FD-6C17-4AE3-9099-4E263F293524}"
EndProject
Project("{FAE04EC0-301F-11D3-BF4B-00C04F79EFBC}") = "Task12_1", "Task12_1\Task12_1.csproj", "{B242EC91-518F-4767-BAD5-021A23E2F3A9}"
EndProject
Project("{FAE04EC0-301F-11D3-BF4B-00C04F79EFBC}") = "Task13_1", "Task13_1\Task13_1.csproj", "{6BB88161-F9E5-48CC-B14B-8CD17F6C8A63}"
EndProject
Project("{FAE04EC0-301F-11D3-BF4B-00C04F79EFBC}") = "Task14_1", "Task14_1\Task14_1.csproj", "{A6D79120-D528-4D3A-B380-15A6C35F52D5}"
EndProject
Project("{FAE04EC0-301F-11D3-BF4B-00C04F79EFBC}") = "Task14_2", "Task14_2\Task14_2.csproj", "{18DC27B7-C271-4136-9F32-D09FCA00CDCF}"
EndProject
Project("{FAE04EC0-301F-11D3-BF4B-00C04F79EFBC}") = "Task15_1", "Task15_1\Task15_1.csproj", "{562EEB77-FA15-4B60-B747-75169464891E}"
EndProject
Project("{FAE04EC0-301F-11D3-BF4B-00C04F79EFBC}") = "Task15_2", "Task15_2\Task15_2.csproj", "{50A58C52-1D5F-4C6E-9ABB-F0C7610790C5}"
EndProject
Project("{FAE04EC0-301F-11D3-BF4B-00C04F79EFBC}") = "Task15_3", "Task15_3\Task15_3.csproj", "{A17F9D08-5081-44AF-B85F-EA25500A59A6}"
EndProject
Global
	GlobalSection(SolutionConfigurationPlatforms) = preSolution
		Debug|Any CPU = Debug|Any CPU
		Release|Any CPU = Release|Any CPU
	EndGlobalSection
	GlobalSection(ProjectConfigurationPlatforms) = postSolution
		{52A8A920-C7A2-4C57-F6B8-FEE1693B86BA}.Debug|Any CPU.ActiveCfg = Debug|Any CPU
		{52A8A920-C7A2-4C57-F6B8-FEE1693B86BA}.Debug|Any CPU.Build.0 = Debug|Any CPU
		{52A8A920-C7A2-4C57-F6B8-FEE1693B86BA}.Release|Any CPU.ActiveCfg = Release|Any CPU
		{52A8A920-C7A2-4C57-F6B8-FEE1693B86BA}.Release|Any CPU.Build.0 = Release|Any CPU
		{5F4AA823-CF4A-BE3F-7A14-395D0391C466}.Debug|Any CPU.ActiveCfg = Debug|Any CPU
		{5F4AA823-CF4A-BE3F-7A14-395D0391C466}.Debug|Any CPU.Build.0 = Debug|Any CPU
		{5F4AA823-CF4A-BE3F-7A14-395D0391C466}.Release|Any CPU.ActiveCfg = Release|Any CPU
		{5F4AA823-CF4A-BE3F-7A14-395D0391C466}.Release|Any CPU.Build.0 = Release|Any CPU
		{80BAC3B5-6CE2-8CEA-28A4-3891BEF006CE}.Debug|Any CPU.ActiveCfg = Debug|Any CPU
		{80BAC3B5-6CE2-8CEA-28A4-3891BEF006CE}.Debug|Any CPU.Build.0 = Debug|Any CPU
		{80BAC3B5-6CE2-8CEA-28A4-3891BEF006CE}.Release|Any CPU.ActiveCfg = Release|Any CPU
		{80BAC3B5-6CE2-8CEA-28A4-3891BEF006CE}.Release|Any CPU.Build.0 = Release|Any CPU
		{4793434F-0363-68D1-0B43-788857F7ED5F}.Debug|Any CPU.ActiveCfg = Debug|Any CPU
		{4793434F-0363-68D1-0B43-788857F7ED5F}.Debug|Any CPU.Build.0 = Debug|Any CPU
		{4793434F-0363-68D1-0B43-788857F7ED5F}.Release|Any CPU.ActiveCfg = Release|Any CPU
		{4793434F-0363-68D1-0B43-788857F7ED5F}.Release|Any CPU.Build.0 = Release|Any CPU
		{0F7ABB41-7C33-6641-F437-CA6431E9D0A6}.Debug|Any CPU.ActiveCfg = Debug|Any CPU
		{0F7ABB41-7C33-6641-F437-CA6431E9D0A6}.Debug|Any CPU.Build.0 = Debug|Any CPU
		{0F7ABB41-7C33-6641-F437-CA6431E9D0A6}.Release|Any CPU.ActiveCfg = Release|Any CPU
		{0F7ABB41-7C33-6641-F437-CA6431E9D0A6}.Release|Any CPU.Build.0 = Release|Any CPU
		{F81DA312-DF80-3C36-E7FF-40C727881867}.Debug|Any CPU.ActiveCfg = Debug|Any CPU
		{F81DA312-DF80-3C36-E7FF-40C727881867}.Debug|Any CPU.Build.0 = Debug|Any CPU
		{F81DA312-DF80-3C36-E7FF-40C727881867}.Release|Any CPU.ActiveCfg = Release|Any CPU
		{F81DA312-DF80-3C36-E7FF-40C727881867}.Release|Any CPU.Build.0 = Release|Any CPU
		{7E08A183-52B3-A467-1ABC-A2899937F952}.Debug|Any CPU.ActiveCfg = Debug|Any CPU
		{7E08A183-52B3-A467-1ABC-A2899937F952}.Debug|Any CPU.Build.0 = Debug|Any CPU
		{7E08A183-52B3-A467-1ABC-A2899937F952}.Release|Any CPU.ActiveCfg = Release|Any CPU
		{7E08A183-52B3-A467-1ABC-A2899937F952}.Release|Any CPU.Build.0 = Release|Any CPU
		{28E24439-E83F-F5BB-09FA-4A91659807DE}.Debug|Any CPU.ActiveCfg = Debug|Any CPU
		{28E24439-E83F-F5BB-09FA-4A91659807DE}.Debug|Any CPU.Build.0 = Debug|Any CPU
		{28E24439-E83F-F5BB-09FA-4A91659807DE}.Release|Any CPU.ActiveCfg = Release|Any CPU
		{28E24439-E83F-F5BB-09FA-4A91659807DE}.Release|Any CPU.Build.0 = Release|Any CPU
		{FDD9A389-FA10-4CD3-9B06-24D00EFBEDED}.Debug|Any CPU.ActiveCfg = Debug|Any CPU
		{FDD9A389-FA10-4CD3-9B06-24D00EFBEDED}.Debug|Any CPU.Build.0 = Debug|Any CPU
		{FDD9A389-FA10-4CD3-9B06-24D00EFBEDED}.Release|Any CPU.ActiveCfg = Release|Any CPU
		{FDD9A389-FA10-4CD3-9B06-24D00EFBEDED}.Release|Any CPU.Build.0 = Release|Any CPU
		{BDE6F5BF-8B70-45F6-9C60-D2DB95E03386}.Debug|Any CPU.ActiveCfg = Debug|Any CPU
		{BDE6F5BF-8B70-45F6-9C60-D2DB95E03386}.Debug|Any CPU.Build.0 = Debug|Any CPU
		{BDE6F5BF-8B70-45F6-9C60-D2DB95E03386}.Release|Any CPU.ActiveCfg = Release|Any CPU
		{BDE6F5BF-8B70-45F6-9C60-D2DB95E03386}.Release|Any CPU.Build.0 = Release|Any CPU
		{F8826AF9-B2F7-4353-B379-A6CB3C432F07}.Debug|Any CPU.ActiveCfg = Debug|Any CPU
		{F8826AF9-B2F7-4353-B379-A6CB3C432F07}.Debug|Any CPU.Build.0 = Debug|Any CPU
		{F8826AF9-B2F7-4353-B379-A6CB3C432F07}.Release|Any CPU.ActiveCfg = Release|Any CPU
		{F8826AF9-B2F7-4353-B379-A6CB3C432F07}.Release|Any CPU.Build.0 = Release|Any CPU
		{496593D4-7F71-45EF-995D-2B6CB71AC3EA}.Debug|Any CPU.ActiveCfg = Debug|Any CPU
		{496593D4-7F71-45EF-995D-2B6CB71AC3EA}.Debug|Any CPU.Build.0 = Debug|Any CPU
		{496593D4-7F71-45EF-995D-2B6CB71AC3EA}.Release|Any CPU.ActiveCfg = Release|Any CPU
		{496593D4-7F71-45EF-995D-2B6CB71AC3EA}.Release|Any CPU.Build.0 = Release|Any CPU
		{0C7D52B2-0713-4C44-8AC4-88ED54347C4E}.Debug|Any CPU.ActiveCfg = Debug|Any CPU
		{0C7D52B2-0713-4C44-8AC4-88ED54347C4E}.Debug|Any CPU.Build.0 = Debug|Any CPU
		{0C7D52B2-0713-4C44-8AC4-88ED54347C4E}.Release|Any CPU.ActiveCfg = Release|Any CPU
		{0C7D52B2-0713-4C44-8AC4-88ED54347C4E}.Release|Any CPU.Build.0 = Release|Any CPU
		{02F31E63-D130-48B8-AC53-B2797D0D6484}.Debug|Any CPU.ActiveCfg = Debug|Any CPU
		{02F31E63-D130-48B8-AC53-B2797D0D6484}.Debug|Any CPU.Build.0 = Debug|Any CPU
		{02F31E63-D130-48B8-AC53-B2797D0D6484}.Release|Any CPU.ActiveCfg = Release|Any CPU
		{02F31E63-D130-48B8-AC53-B2797D0D6484}.Release|Any CPU.Build.0 = Release|Any CPU
		{DD731FE9-C5FB-41EA-981A-4AD3B983F88B}.Debug|Any CPU.ActiveCfg = Debug|Any CPU
		{DD731FE9-C5FB-41EA-981A-4AD3B983F88B}.Debug|Any CPU.Build.0 = Debug|Any CPU
		{DD731FE9-C5FB-41EA-981A-4AD3B983F88B}.Release|Any CPU.ActiveCfg = Release|Any CPU
		{DD731FE9-C5FB-41EA-981A-4AD3B983F88B}.Release|Any CPU.Build.0 = Release|Any CPU
		{D851973C-E2D2-4241-A81A-6FE1199E5D4B}.Debug|Any CPU.ActiveCfg = Debug|Any CPU
		{D851973C-E2D2-4241-A81A-6FE1199E5D4B}.Debug|Any CPU.Build.0 = Debug|Any CPU
		{D851973C-E2D2-4241-A81A-6FE1199E5D4B}.Release|Any CPU.ActiveCfg = Release|Any CPU
		{D851973C-E2D2-4241-A81A-6FE1199E5D4B}.Release|Any CPU.Build.0 = Release|Any CPU
		{700AF7FA-0882-43CB-90B6-FE1648B86748}.Debug|Any CPU.ActiveCfg = Debug|Any CPU
		{700AF7FA-0882-43CB-90B6-FE1648B86748}.Debug|Any CPU.Build.0 = Debug|Any CPU
		{700AF7FA-0882-43CB-90B6-FE1648B86748}.Release|Any CPU.ActiveCfg = Release|Any CPU
		{700AF7FA-0882-43CB-90B6-FE1648B86748}.Release|Any CPU.Build.0 = Release|Any CPU
		{A058758C-32C6-45B1-B288-2EC8C8057D32}.Debug|Any CPU.ActiveCfg = Debug|Any CPU
		{A058758C-32C6-45B1-B288-2EC8C8057D32}.Debug|Any CPU.Build.0 = Debug|Any CPU
		{A058758C-32C6-45B1-B288-2EC8C8057D32}.Release|Any CPU.ActiveCfg = Release|Any CPU
		{A058758C-32C6-45B1-B288-2EC8C8057D32}.Release|Any CPU.Build.0 = Release|Any CPU
		{EE43CFEF-E1F7-4809-9E18-64F8157F1B73}.Debug|Any CPU.ActiveCfg = Debug|Any CPU
		{EE43CFEF-E1F7-4809-9E18-64F8157F1B73}.Debug|Any CPU.Build.0 = Debug|Any CPU
		{EE43CFEF-E1F7-4809-9E18-64F8157F1B73}.Release|Any CPU.ActiveCfg = Release|Any CPU
		{EE43CFEF-E1F7-4809-9E18-64F8157F1B73}.Release|Any CPU.Build.0 = Release|Any CPU
		{3E687B20-398D-47B0-A809-DD5A7F44C984}.Debug|Any CPU.ActiveCfg = Debug|Any CPU
		{3E687B20-398D-47B0-A809-DD5A7F44C984}.Debug|Any CPU.Build.0 = Debug|Any CPU
		{3E687B20-398D-47B0-A809-DD5A7F44C984}.Release|Any CPU.ActiveCfg = Release|Any CPU
		{3E687B20-398D-47B0-A809-DD5A7F44C984}.Release|Any CPU.Build.0 = Release|Any CPU
		{73F2C461-564F-4A8E-8161-5BB36B708485}.Debug|Any CPU.ActiveCfg = Debug|Any CPU
		{73F2C461-564F-4A8E-8161-5BB36B708485}.Debug|Any CPU.Build.0 = Debug|Any CPU
		{73F2C461-564F-4A8E-8161-5BB36B708485}.Release|Any CPU.ActiveCfg = Release|Any CPU
		{73F2C461-564F-4A8E-8161-5BB36B708485}.Release|Any CPU.Build.0 = Release|Any CPU
		{70CC2F75-2B88-485F-B9AB-E14A057F91B8}.Debug|Any CPU.ActiveCfg = Debug|Any CPU
		{70CC2F75-2B88-485F-B9AB-E14A057F91B8}.Debug|Any CPU.Build.0 = Debug|Any CPU
		{70CC2F75-2B88-485F-B9AB-E14A057F91B8}.Release|Any CPU.ActiveCfg = Release|Any CPU
		{70CC2F75-2B88-485F-B9AB-E14A057F91B8}.Release|Any CPU.Build.0 = Release|Any CPU
		{7CDB4D01-0843-4035-A530-DA772074894A}.Debug|Any CPU.ActiveCfg = Debug|Any CPU
		{7CDB4D01-0843-4035-A530-DA772074894A}.Debug|Any CPU.Build.0 = Debug|Any CPU
		{7CDB4D01-0843-4035-A530-DA772074894A}.Release|Any CPU.ActiveCfg = Release|Any CPU
		{7CDB4D01-0843-4035-A530-DA772074894A}.Release|Any CPU.Build.0 = Release|Any CPU
		{F383DE6B-4C8B-42D7-97C9-54A476E0D377}.Debug|Any CPU.ActiveCfg = Debug|Any CPU
		{F383DE6B-4C8B-42D7-97C9-54A476E0D377}.Debug|Any CPU.Build.0 = Debug|Any CPU
		{F383DE6B-4C8B-42D7-97C9-54A476E0D377}.Release|Any CPU.ActiveCfg = Release|Any CPU
		{F383DE6B-4C8B-42D7-97C9-54A476E0D377}.Release|Any CPU.Build.0 = Release|Any CPU
		{F3775C0D-A77E-4C52-B959-C3A8F8D1A9E2}.Debug|Any CPU.ActiveCfg = Debug|Any CPU
		{F3775C0D-A77E-4C52-B959-C3A8F8D1A9E2}.Debug|Any CPU.Build.0 = Debug|Any CPU
		{F3775C0D-A77E-4C52-B959-C3A8F8D1A9E2}.Release|Any CPU.ActiveCfg = Release|Any CPU
		{F3775C0D-A77E-4C52-B959-C3A8F8D1A9E2}.Release|Any CPU.Build.0 = Release|Any CPU
		{B7C3759C-EF25-4127-8D88-6F4F715B1956}.Debug|Any CPU.ActiveCfg = Debug|Any CPU
		{B7C3759C-EF25-4127-8D88-6F4F715B1956}.Debug|Any CPU.Build.0 = Debug|Any CPU
		{B7C3759C-EF25-4127-8D88-6F4F715B1956}.Release|Any CPU.ActiveCfg = Release|Any CPU
		{B7C3759C-EF25-4127-8D88-6F4F715B1956}.Release|Any CPU.Build.0 = Release|Any CPU
		{3AEEBC5E-A6BC-4CCA-A431-26BBFE1CCAE5}.Debug|Any CPU.ActiveCfg = Debug|Any CPU
		{3AEEBC5E-A6BC-4CCA-A431-26BBFE1CCAE5}.Debug|Any CPU.Build.0 = Debug|Any CPU
		{3AEEBC5E-A6BC-4CCA-A431-26BBFE1CCAE5}.Release|Any CPU.ActiveCfg = Release|Any CPU
		{3AEEBC5E-A6BC-4CCA-A431-26BBFE1CCAE5}.Release|Any CPU.Build.0 = Release|Any CPU
		{59883EE6-4CC2-4374-916E-0A58579BCF58}.Debug|Any CPU.ActiveCfg = Debug|Any CPU
		{59883EE6-4CC2-4374-916E-0A58579BCF58}.Debug|Any CPU.Build.0 = Debug|Any CPU
		{59883EE6-4CC2-4374-916E-0A58579BCF58}.Release|Any CPU.ActiveCfg = Release|Any CPU
		{59883EE6-4CC2-4374-916E-0A58579BCF58}.Release|Any CPU.Build.0 = Release|Any CPU
		{B015C742-4F9F-4322-BAFE-92EFBC281A40}.Debug|Any CPU.ActiveCfg = Debug|Any CPU
		{B015C742-4F9F-4322-BAFE-92EFBC281A40}.Debug|Any CPU.Build.0 = Debug|Any CPU
		{B015C742-4F9F-4322-BAFE-92EFBC281A40}.Release|Any CPU.ActiveCfg = Release|Any CPU
		{B015C742-4F9F-4322-BAFE-92EFBC281A40}.Release|Any CPU.Build.0 = Release|Any CPU
		{7481AE6D-DDD1-4522-A2BE-26B340822392}.Debug|Any CPU.ActiveCfg = Debug|Any CPU
		{7481AE6D-DDD1-4522-A2BE-26B340822392}.Debug|Any CPU.Build.0 = Debug|Any CPU
		{7481AE6D-DDD1-4522-A2BE-26B340822392}.Release|Any CPU.ActiveCfg = Release|Any CPU
		{7481AE6D-DDD1-4522-A2BE-26B340822392}.Release|Any CPU.Build.0 = Release|Any CPU
		{8ABDEB31-3B77-4A28-9D1E-0DB2E203B92B}.Debug|Any CPU.ActiveCfg = Debug|Any CPU
		{8ABDEB31-3B77-4A28-9D1E-0DB2E203B92B}.Debug|Any CPU.Build.0 = Debug|Any CPU
		{8ABDEB31-3B77-4A28-9D1E-0DB2E203B92B}.Release|Any CPU.ActiveCfg = Release|Any CPU
		{8ABDEB31-3B77-4A28-9D1E-0DB2E203B92B}.Release|Any CPU.Build.0 = Release|Any CPU
		{CF54F9FD-6C17-4AE3-9099-4E263F293524}.Debug|Any CPU.ActiveCfg = Debug|Any CPU
		{CF54F9FD-6C17-4AE3-9099-4E263F293524}.Debug|Any CPU.Build.0 = Debug|Any CPU
		{CF54F9FD-6C17-4AE3-9099-4E263F293524}.Release|Any CPU.ActiveCfg = Release|Any CPU
		{CF54F9FD-6C17-4AE3-9099-4E263F293524}.Release|Any CPU.Build.0 = Release|Any CPU
		{B242EC91-518F-4767-BAD5-021A23E2F3A9}.Debug|Any CPU.ActiveCfg = Debug|Any CPU
		{B242EC91-518F-4767-BAD5-021A23E2F3A9}.Debug|Any CPU.Build.0 = Debug|Any CPU
		{B242EC91-518F-4767-BAD5-021A23E2F3A9}.Release|Any CPU.ActiveCfg = Release|Any CPU
		{B242EC91-518F-4767-BAD5-021A23E2F3A9}.Release|Any CPU.Build.0 = Release|Any CPU
		{6BB88161-F9E5-48CC-B14B-8CD17F6C8A63}.Debug|Any CPU.ActiveCfg = Debug|Any CPU
		{6BB88161-F9E5-48CC-B14B-8CD17F6C8A63}.Debug|Any CPU.Build.0 = Debug|Any CPU
		{6BB88161-F9E5-48CC-B14B-8CD17F6C8A63}.Release|Any CPU.ActiveCfg = Release|Any CPU
		{6BB88161-F9E5-48CC-B14B-8CD17F6C8A63}.Release|Any CPU.Build.0 = Release|Any CPU
		{A6D79120-D528-4D3A-B380-15A6C35F52D5}.Debug|Any CPU.ActiveCfg = Debug|Any CPU
		{A6D79120-D528-4D3A-B380-15A6C35F52D5}.Debug|Any CPU.Build.0 = Debug|Any CPU
		{A6D79120-D528-4D3A-B380-15A6C35F52D5}.Release|Any CPU.ActiveCfg = Release|Any CPU
		{A6D79120-D528-4D3A-B380-15A6C35F52D5}.Release|Any CPU.Build.0 = Release|Any CPU
		{18DC27B7-C271-4136-9F32-D09FCA00CDCF}.Debug|Any CPU.ActiveCfg = Debug|Any CPU
		{18DC27B7-C271-4136-9F32-D09FCA00CDCF}.Debug|Any CPU.Build.0 = Debug|Any CPU
		{18DC27B7-C271-4136-9F32-D09FCA00CDCF}.Release|Any CPU.ActiveCfg = Release|Any CPU
		{18DC27B7-C271-4136-9F32-D09FCA00CDCF}.Release|Any CPU.Build.0 = Release|Any CPU
		{562EEB77-FA15-4B60-B747-75169464891E}.Debug|Any CPU.ActiveCfg = Debug|Any CPU
		{562EEB77-FA15-4B60-B747-75169464891E}.Debug|Any CPU.Build.0 = Debug|Any CPU
		{562EEB77-FA15-4B60-B747-75169464891E}.Release|Any CPU.ActiveCfg = Release|Any CPU
		{562EEB77-FA15-4B60-B747-75169464891E}.Release|Any CPU.Build.0 = Release|Any CPU
		{50A58C52-1D5F-4C6E-9ABB-F0C7610790C5}.Debug|Any CPU.ActiveCfg = Debug|Any CPU
		{50A58C52-1D5F-4C6E-9ABB-F0C7610790C5}.Debug|Any CPU.Build.0 = Debug|Any CPU
		{50A58C52-1D5F-4C6E-9ABB-F0C7610790C5}.Release|Any CPU.ActiveCfg = Release|Any CPU
		{50A58C52-1D5F-4C6E-9ABB-F0C7610790C5}.Release|Any CPU.Build.0 = Release|Any CPU
		{A17F9D08-5081-44AF-B85F-EA25500A59A6}.Debug|Any CPU.ActiveCfg = Debug|Any CPU
		{A17F9D08-5081-44AF-B85F-EA25500A59A6}.Debug|Any CPU.Build.0 = Debug|Any CPU
		{A17F9D08-5081-44AF-B85F-EA25500A59A6}.Release|Any CPU.ActiveCfg = Release|Any CPU
		{A17F9D08-5081-44AF-B85F-EA25500A59A6}.Release|Any CPU.Build.0 = Release|Any CPU
	EndGlobalSection
	GlobalSection(SolutionProperties) = preSolution
		HideSolutionNode = FALSE
	EndGlobalSection
	GlobalSection(ExtensibilityGlobals) = postSolution
		SolutionGuid = {D885D5C8-5737-4E27-86B7-55EE4420207C}
	EndGlobalSection
EndGlobal
