
Microsoft Visual Studio Solution File, Format Version 12.00
# Visual Studio Version 17
VisualStudioVersion = 17.13.35806.99
MinimumVisualStudioVersion = 10.0.40219.1
Project("{FAE04EC0-301F-11D3-BF4B-00C04F79EFBC}") = "HomeWork2", "HomeWork2\HomeWork2.csproj", "{22175EFE-CE78-4CC4-A63F-0D5C459931D4}"
EndProject
Project("{FAE04EC0-301F-11D3-BF4B-00C04F79EFBC}") = "Example1", "Example1\Example1.csproj", "{E4C983AD-4C58-4FD2-8522-DB1251934D6F}"
EndProject
Project("{FAE04EC0-301F-11D3-BF4B-00C04F79EFBC}") = "Example2", "Example2\Example2.csproj", "{B6321958-46EA-49F7-BA10-24C8447B0A44}"
EndProject
Project("{FAE04EC0-301F-11D3-BF4B-00C04F79EFBC}") = "Task4_1", "Task4_1\Task4_1.csproj", "{52A8A920-C7A2-4C57-F6B8-FEE1693B86BA}"
EndProject
Project("{FAE04EC0-301F-11D3-BF4B-00C04F79EFBC}") = "Task4_2", "Task4_2\Task4_2.csproj", "{5F4AA823-CF4A-BE3F-7A14-395D0391C466}"
EndProject
Project("{FAE04EC0-301F-11D3-BF4B-00C04F79EFBC}") = "Task4_3", "Task4_3\Task4_3.csproj", "{80BAC3B5-6CE2-8CEA-28A4-3891BEF006CE}"
EndProject
Project("{FAE04EC0-301F-11D3-BF4B-00C04F79EFBC}") = "Task4_4", "Task4_4\Task4_4.csproj", "{4793434F-0363-68D1-0B43-788857F7ED5F}"
EndProject
Project("{FAE04EC0-301F-11D3-BF4B-00C04F79EFBC}") = "Task4_5", "Task4_5\Task4_5.csproj", "{0F7ABB41-7C33-6641-F437-CA6431E9D0A6}"
EndProject
Project("{FAE04EC0-301F-11D3-BF4B-00C04F79EFBC}") = "Task4_6", "Task4_6\Task4_6.csproj", "{F81DA312-DF80-3C36-E7FF-40C727881867}"
EndProject
Project("{FAE04EC0-301F-11D3-BF4B-00C04F79EFBC}") = "Task4_6_2", "Task4_6_2\Task4_6_2.csproj", "{7E08A183-52B3-A467-1ABC-A2899937F952}"
EndProject
Project("{FAE04EC0-301F-11D3-BF4B-00C04F79EFBC}") = "Task4_7", "Task4_7\Task4_7.csproj", "{28E24439-E83F-F5BB-09FA-4A91659807DE}"
EndProject
Project("{FAE04EC0-301F-11D3-BF4B-00C04F79EFBC}") = "Task5_1", "Task5_1\Task5_1.csproj", "{FDD9A389-FA10-4CD3-9B06-24D00EFBEDED}"
EndProject
Project("{FAE04EC0-301F-11D3-BF4B-00C04F79EFBC}") = "Task5_2", "Task5_2\Task5_2.csproj", "{BDE6F5BF-8B70-45F6-9C60-D2DB95E03386}"
EndProject
Project("{FAE04EC0-301F-11D3-BF4B-00C04F79EFBC}") = "Task5_3", "Task5_3\Task5_3.csproj", "{F8826AF9-B2F7-4353-B379-A6CB3C432F07}"
EndProject
Project("{FAE04EC0-301F-11D3-BF4B-00C04F79EFBC}") = "Task5_4", "Task5_4\Task5_4.csproj", "{496593D4-7F71-45EF-995D-2B6CB71AC3EA}"
EndProject
Project("{FAE04EC0-301F-11D3-BF4B-00C04F79EFBC}") = "Task5_5", "Task5_5\Task5_5.csproj", "{0C7D52B2-0713-4C44-8AC4-88ED54347C4E}"
EndProject
Project("{FAE04EC0-301F-11D3-BF4B-00C04F79EFBC}") = "Task5_6", "Task5_6\Task5_6.csproj", "{02F31E63-D130-48B8-AC53-B2797D0D6484}"
EndProject
Project("{FAE04EC0-301F-11D3-BF4B-00C04F79EFBC}") = "Task5_7", "Task5_7\Task5_7.csproj", "{DD731FE9-C5FB-41EA-981A-4AD3B983F88B}"
EndProject
Global
	GlobalSection(SolutionConfigurationPlatforms) = preSolution
		Debug|Any CPU = Debug|Any CPU
		Release|Any CPU = Release|Any CPU
	EndGlobalSection
	GlobalSection(ProjectConfigurationPlatforms) = postSolution
		{22175EFE-CE78-4CC4-A63F-0D5C459931D4}.Debug|Any CPU.ActiveCfg = Debug|Any CPU
		{22175EFE-CE78-4CC4-A63F-0D5C459931D4}.Debug|Any CPU.Build.0 = Debug|Any CPU
		{22175EFE-CE78-4CC4-A63F-0D5C459931D4}.Release|Any CPU.ActiveCfg = Release|Any CPU
		{22175EFE-CE78-4CC4-A63F-0D5C459931D4}.Release|Any CPU.Build.0 = Release|Any CPU
		{E4C983AD-4C58-4FD2-8522-DB1251934D6F}.Debug|Any CPU.ActiveCfg = Debug|Any CPU
		{E4C983AD-4C58-4FD2-8522-DB1251934D6F}.Debug|Any CPU.Build.0 = Debug|Any CPU
		{E4C983AD-4C58-4FD2-8522-DB1251934D6F}.Release|Any CPU.ActiveCfg = Release|Any CPU
		{E4C983AD-4C58-4FD2-8522-DB1251934D6F}.Release|Any CPU.Build.0 = Release|Any CPU
		{B6321958-46EA-49F7-BA10-24C8447B0A44}.Debug|Any CPU.ActiveCfg = Debug|Any CPU
		{B6321958-46EA-49F7-BA10-24C8447B0A44}.Debug|Any CPU.Build.0 = Debug|Any CPU
		{B6321958-46EA-49F7-BA10-24C8447B0A44}.Release|Any CPU.ActiveCfg = Release|Any CPU
		{B6321958-46EA-49F7-BA10-24C8447B0A44}.Release|Any CPU.Build.0 = Release|Any CPU
		{52A8A920-C7A2-4C57-F6B8-FEE1693B86BA}.Debug|Any CPU.ActiveCfg = Debug|Any CPU
		{52A8A920-C7A2-4C57-F6B8-FEE1693B86BA}.Debug|Any CPU.Build.0 = Debug|Any CPU
		{52A8A920-C7A2-4C57-F6B8-FEE1693B86BA}.Release|Any CPU.ActiveCfg = Release|Any CPU
		{52A8A920-C7A2-4C57-F6B8-FEE1693B86BA}.Release|Any CPU.Build.0 = Release|Any CPU
		{5F4AA823-CF4A-BE3F-7A14-395D0391C466}.Debug|Any CPU.ActiveCfg = Debug|Any CPU
		{5F4AA823-CF4A-BE3F-7A14-395D0391C466}.Debug|Any CPU.Build.0 = Debug|Any CPU
		{5F4AA823-CF4A-BE3F-7A14-395D0391C466}.Release|Any CPU.ActiveCfg = Release|Any CPU
		{5F4AA823-CF4A-BE3F-7A14-395D0391C466}.Release|Any CPU.Build.0 = Release|Any CPU
		{80BAC3B5-6CE2-8CEA-28A4-3891BEF006CE}.Debug|Any CPU.ActiveCfg = Debug|Any CPU
		{80BAC3B5-6CE2-8CEA-28A4-3891BEF006CE}.Debug|Any CPU.Build.0 = Debug|Any CPU
		{80BAC3B5-6CE2-8CEA-28A4-3891BEF006CE}.Release|Any CPU.ActiveCfg = Release|Any CPU
		{80BAC3B5-6CE2-8CEA-28A4-3891BEF006CE}.Release|Any CPU.Build.0 = Release|Any CPU
		{4793434F-0363-68D1-0B43-788857F7ED5F}.Debug|Any CPU.ActiveCfg = Debug|Any CPU
		{4793434F-0363-68D1-0B43-788857F7ED5F}.Debug|Any CPU.Build.0 = Debug|Any CPU
		{4793434F-0363-68D1-0B43-788857F7ED5F}.Release|Any CPU.ActiveCfg = Release|Any CPU
		{4793434F-0363-68D1-0B43-788857F7ED5F}.Release|Any CPU.Build.0 = Release|Any CPU
		{0F7ABB41-7C33-6641-F437-CA6431E9D0A6}.Debug|Any CPU.ActiveCfg = Debug|Any CPU
		{0F7ABB41-7C33-6641-F437-CA6431E9D0A6}.Debug|Any CPU.Build.0 = Debug|Any CPU
		{0F7ABB41-7C33-6641-F437-CA6431E9D0A6}.Release|Any CPU.ActiveCfg = Release|Any CPU
		{0F7ABB41-7C33-6641-F437-CA6431E9D0A6}.Release|Any CPU.Build.0 = Release|Any CPU
		{F81DA312-DF80-3C36-E7FF-40C727881867}.Debug|Any CPU.ActiveCfg = Debug|Any CPU
		{F81DA312-DF80-3C36-E7FF-40C727881867}.Debug|Any CPU.Build.0 = Debug|Any CPU
		{F81DA312-DF80-3C36-E7FF-40C727881867}.Release|Any CPU.ActiveCfg = Release|Any CPU
		{F81DA312-DF80-3C36-E7FF-40C727881867}.Release|Any CPU.Build.0 = Release|Any CPU
		{7E08A183-52B3-A467-1ABC-A2899937F952}.Debug|Any CPU.ActiveCfg = Debug|Any CPU
		{7E08A183-52B3-A467-1ABC-A2899937F952}.Debug|Any CPU.Build.0 = Debug|Any CPU
		{7E08A183-52B3-A467-1ABC-A2899937F952}.Release|Any CPU.ActiveCfg = Release|Any CPU
		{7E08A183-52B3-A467-1ABC-A2899937F952}.Release|Any CPU.Build.0 = Release|Any CPU
		{28E24439-E83F-F5BB-09FA-4A91659807DE}.Debug|Any CPU.ActiveCfg = Debug|Any CPU
		{28E24439-E83F-F5BB-09FA-4A91659807DE}.Debug|Any CPU.Build.0 = Debug|Any CPU
		{28E24439-E83F-F5BB-09FA-4A91659807DE}.Release|Any CPU.ActiveCfg = Release|Any CPU
		{28E24439-E83F-F5BB-09FA-4A91659807DE}.Release|Any CPU.Build.0 = Release|Any CPU
		{FDD9A389-FA10-4CD3-9B06-24D00EFBEDED}.Debug|Any CPU.ActiveCfg = Debug|Any CPU
		{FDD9A389-FA10-4CD3-9B06-24D00EFBEDED}.Debug|Any CPU.Build.0 = Debug|Any CPU
		{FDD9A389-FA10-4CD3-9B06-24D00EFBEDED}.Release|Any CPU.ActiveCfg = Release|Any CPU
		{FDD9A389-FA10-4CD3-9B06-24D00EFBEDED}.Release|Any CPU.Build.0 = Release|Any CPU
		{BDE6F5BF-8B70-45F6-9C60-D2DB95E03386}.Debug|Any CPU.ActiveCfg = Debug|Any CPU
		{BDE6F5BF-8B70-45F6-9C60-D2DB95E03386}.Debug|Any CPU.Build.0 = Debug|Any CPU
		{BDE6F5BF-8B70-45F6-9C60-D2DB95E03386}.Release|Any CPU.ActiveCfg = Release|Any CPU
		{BDE6F5BF-8B70-45F6-9C60-D2DB95E03386}.Release|Any CPU.Build.0 = Release|Any CPU
		{F8826AF9-B2F7-4353-B379-A6CB3C432F07}.Debug|Any CPU.ActiveCfg = Debug|Any CPU
		{F8826AF9-B2F7-4353-B379-A6CB3C432F07}.Debug|Any CPU.Build.0 = Debug|Any CPU
		{F8826AF9-B2F7-4353-B379-A6CB3C432F07}.Release|Any CPU.ActiveCfg = Release|Any CPU
		{F8826AF9-B2F7-4353-B379-A6CB3C432F07}.Release|Any CPU.Build.0 = Release|Any CPU
		{496593D4-7F71-45EF-995D-2B6CB71AC3EA}.Debug|Any CPU.ActiveCfg = Debug|Any CPU
		{496593D4-7F71-45EF-995D-2B6CB71AC3EA}.Debug|Any CPU.Build.0 = Debug|Any CPU
		{496593D4-7F71-45EF-995D-2B6CB71AC3EA}.Release|Any CPU.ActiveCfg = Release|Any CPU
		{496593D4-7F71-45EF-995D-2B6CB71AC3EA}.Release|Any CPU.Build.0 = Release|Any CPU
		{0C7D52B2-0713-4C44-8AC4-88ED54347C4E}.Debug|Any CPU.ActiveCfg = Debug|Any CPU
		{0C7D52B2-0713-4C44-8AC4-88ED54347C4E}.Debug|Any CPU.Build.0 = Debug|Any CPU
		{0C7D52B2-0713-4C44-8AC4-88ED54347C4E}.Release|Any CPU.ActiveCfg = Release|Any CPU
		{0C7D52B2-0713-4C44-8AC4-88ED54347C4E}.Release|Any CPU.Build.0 = Release|Any CPU
		{02F31E63-D130-48B8-AC53-B2797D0D6484}.Debug|Any CPU.ActiveCfg = Debug|Any CPU
		{02F31E63-D130-48B8-AC53-B2797D0D6484}.Debug|Any CPU.Build.0 = Debug|Any CPU
		{02F31E63-D130-48B8-AC53-B2797D0D6484}.Release|Any CPU.ActiveCfg = Release|Any CPU
		{02F31E63-D130-48B8-AC53-B2797D0D6484}.Release|Any CPU.Build.0 = Release|Any CPU
		{DD731FE9-C5FB-41EA-981A-4AD3B983F88B}.Debug|Any CPU.ActiveCfg = Debug|Any CPU
		{DD731FE9-C5FB-41EA-981A-4AD3B983F88B}.Debug|Any CPU.Build.0 = Debug|Any CPU
		{DD731FE9-C5FB-41EA-981A-4AD3B983F88B}.Release|Any CPU.ActiveCfg = Release|Any CPU
		{DD731FE9-C5FB-41EA-981A-4AD3B983F88B}.Release|Any CPU.Build.0 = Release|Any CPU
	EndGlobalSection
	GlobalSection(SolutionProperties) = preSolution
		HideSolutionNode = FALSE
	EndGlobalSection
	GlobalSection(ExtensibilityGlobals) = postSolution
		SolutionGuid = {D885D5C8-5737-4E27-86B7-55EE4420207C}
	EndGlobalSection
EndGlobal
